
Microsoft Visual Studio Solution File, Format Version 12.00
# Visual Studio Version 16
VisualStudioVersion = 16.0.31112.23
MinimumVisualStudioVersion = 10.0.40219.1
Project("{9A19103F-16F7-4668-BE54-9A1E7A4F7556}") = "ZinciriKirmaGenerator", "ZinciriKirmaGenerator\ZinciriKirmaGenerator.csproj", "{52D36ACA-275A-4427-9B15-16D22469A4AE}"
EndProject
Project("{54435603-DBB4-11D2-8724-00A0C9A8B90C}") = "MustafaSamedYeyin", "MustafaSamedYeyin\MustafaSamedYeyin.vdproj", "{B8A0FED4-03A8-4850-AFE3-17F394965ADE}"
EndProject
Global
	GlobalSection(SolutionConfigurationPlatforms) = preSolution
		Debug|Any CPU = Debug|Any CPU
		Release|Any CPU = Release|Any CPU
	EndGlobalSection
	GlobalSection(ProjectConfigurationPlatforms) = postSolution
		{52D36ACA-275A-4427-9B15-16D22469A4AE}.Debug|Any CPU.ActiveCfg = Debug|Any CPU
		{52D36ACA-275A-4427-9B15-16D22469A4AE}.Debug|Any CPU.Build.0 = Debug|Any CPU
		{52D36ACA-275A-4427-9B15-16D22469A4AE}.Release|Any CPU.ActiveCfg = Release|Any CPU
		{52D36ACA-275A-4427-9B15-16D22469A4AE}.Release|Any CPU.Build.0 = Release|Any CPU
		{B8A0FED4-03A8-4850-AFE3-17F394965ADE}.Debug|Any CPU.ActiveCfg = Debug
		{B8A0FED4-03A8-4850-AFE3-17F394965ADE}.Release|Any CPU.ActiveCfg = Release
	EndGlobalSection
	GlobalSection(SolutionProperties) = preSolution
		HideSolutionNode = FALSE
	EndGlobalSection
	GlobalSection(ExtensibilityGlobals) = postSolution
		SolutionGuid = {37FCA51F-CE64-495E-BD02-427CB0EBE6FF}
	EndGlobalSection
EndGlobal
